// !$*UTF8*$!
{
	archiveVersion = 1;
	classes = {
	};
	objectVersion = 46;
	objects = {

/* Begin PBXBuildFile section */
		D87FF19F1538D26A00D47A93 /* UIKit.framework in Frameworks */ = {isa = PBXBuildFile; fileRef = D87FF19E1538D26A00D47A93 /* UIKit.framework */; };
		D87FF1A11538D26A00D47A93 /* Foundation.framework in Frameworks */ = {isa = PBXBuildFile; fileRef = D87FF1A01538D26A00D47A93 /* Foundation.framework */; };
		D87FF1A31538D26A00D47A93 /* CoreGraphics.framework in Frameworks */ = {isa = PBXBuildFile; fileRef = D87FF1A21538D26A00D47A93 /* CoreGraphics.framework */; };
		D87FF1A91538D26A00D47A93 /* InfoPlist.strings in Resources */ = {isa = PBXBuildFile; fileRef = D87FF1A71538D26A00D47A93 /* InfoPlist.strings */; };
		D87FF1AB1538D26A00D47A93 /* main.m in Sources */ = {isa = PBXBuildFile; fileRef = D87FF1AA1538D26A00D47A93 /* main.m */; };
		D87FF1AF1538D26A00D47A93 /* QuizAppDelegate.m in Sources */ = {isa = PBXBuildFile; fileRef = D87FF1AE1538D26A00D47A93 /* QuizAppDelegate.m */; };
		D87FF1B21538D26A00D47A93 /* QuizViewController.m in Sources */ = {isa = PBXBuildFile; fileRef = D87FF1B11538D26A00D47A93 /* QuizViewController.m */; };
		D87FF1B51538D26A00D47A93 /* QuizViewController.xib in Resources */ = {isa = PBXBuildFile; fileRef = D87FF1B31538D26A00D47A93 /* QuizViewController.xib */; };
/* End PBXBuildFile section */

/* Begin PBXFileReference section */
		D87FF19A1538D26A00D47A93 /* Quiz.app */ = {isa = PBXFileReference; explicitFileType = wrapper.application; includeInIndex = 0; path = Quiz.app; sourceTree = BUILT_PRODUCTS_DIR; };
		D87FF19E1538D26A00D47A93 /* UIKit.framework */ = {isa = PBXFileReference; lastKnownFileType = wrapper.framework; name = UIKit.framework; path = System/Library/Frameworks/UIKit.framework; sourceTree = SDKROOT; };
		D87FF1A01538D26A00D47A93 /* Foundation.framework */ = {isa = PBXFileReference; lastKnownFileType = wrapper.framework; name = Foundation.framework; path = System/Library/Frameworks/Foundation.framework; sourceTree = SDKROOT; };
		D87FF1A21538D26A00D47A93 /* CoreGraphics.framework */ = {isa = PBXFileReference; lastKnownFileType = wrapper.framework; name = CoreGraphics.framework; path = System/Library/Frameworks/CoreGraphics.framework; sourceTree = SDKROOT; };
		D87FF1A61538D26A00D47A93 /* Quiz-Info.plist */ = {isa = PBXFileReference; lastKnownFileType = text.plist.xml; path = "Quiz-Info.plist"; sourceTree = "<group>"; };
		D87FF1A81538D26A00D47A93 /* en */ = {isa = PBXFileReference; lastKnownFileType = text.plist.strings; name = en; path = en.lproj/InfoPlist.strings; sourceTree = "<group>"; };
		D87FF1AA1538D26A00D47A93 /* main.m */ = {isa = PBXFileReference; lastKnownFileType = sourcecode.c.objc; path = main.m; sourceTree = "<group>"; };
		D87FF1AC1538D26A00D47A93 /* Quiz-Prefix.pch */ = {isa = PBXFileReference; lastKnownFileType = sourcecode.c.h; path = "Quiz-Prefix.pch"; sourceTree = "<group>"; };
		D87FF1AD1538D26A00D47A93 /* QuizAppDelegate.h */ = {isa = PBXFileReference; lastKnownFileType = sourcecode.c.h; path = QuizAppDelegate.h; sourceTree = "<group>"; };
		D87FF1AE1538D26A00D47A93 /* QuizAppDelegate.m */ = {isa = PBXFileReference; lastKnownFileType = sourcecode.c.objc; path = QuizAppDelegate.m; sourceTree = "<group>"; };
		D87FF1B01538D26A00D47A93 /* QuizViewController.h */ = {isa = PBXFileReference; lastKnownFileType = sourcecode.c.h; path = QuizViewController.h; sourceTree = "<group>"; };
		D87FF1B11538D26A00D47A93 /* QuizViewController.m */ = {isa = PBXFileReference; lastKnownFileType = sourcecode.c.objc; path = QuizViewController.m; sourceTree = "<group>"; };
		D87FF1B41538D26A00D47A93 /* en */ = {isa = PBXFileReference; lastKnownFileType = file.xib; name = en; path = en.lproj/QuizViewController.xib; sourceTree = "<group>"; };
/* End PBXFileReference section */

/* Begin PBXFrameworksBuildPhase section */
		D87FF1971538D26A00D47A93 /* Frameworks */ = {
			isa = PBXFrameworksBuildPhase;
			buildActionMask = 2147483647;
			files = (
				D87FF19F1538D26A00D47A93 /* UIKit.framework in Frameworks */,
				D87FF1A11538D26A00D47A93 /* Foundation.framework in Frameworks */,
				D87FF1A31538D26A00D47A93 /* CoreGraphics.framework in Frameworks */,
			);
			runOnlyForDeploymentPostprocessing = 0;
		};
/* End PBXFrameworksBuildPhase section */

/* Begin PBXGroup section */
		D87FF18F1538D26A00D47A93 = {
			isa = PBXGroup;
			children = (
				D87FF1A41538D26A00D47A93 /* Quiz */,
				D87FF19D1538D26A00D47A93 /* Frameworks */,
				D87FF19B1538D26A00D47A93 /* Products */,
			);
			sourceTree = "<group>";
		};
		D87FF19B1538D26A00D47A93 /* Products */ = {
			isa = PBXGroup;
			children = (
				D87FF19A1538D26A00D47A93 /* Quiz.app */,
			);
			name = Products;
			sourceTree = "<group>";
		};
		D87FF19D1538D26A00D47A93 /* Frameworks */ = {
			isa = PBXGroup;
			children = (
				D87FF19E1538D26A00D47A93 /* UIKit.framework */,
				D87FF1A01538D26A00D47A93 /* Foundation.framework */,
				D87FF1A21538D26A00D47A93 /* CoreGraphics.framework */,
			);
			name = Frameworks;
			sourceTree = "<group>";
		};
		D87FF1A41538D26A00D47A93 /* Quiz */ = {
			isa = PBXGroup;
			children = (
				D87FF1AD1538D26A00D47A93 /* QuizAppDelegate.h */,
				D87FF1AE1538D26A00D47A93 /* QuizAppDelegate.m */,
				D87FF1B01538D26A00D47A93 /* QuizViewController.h */,
				D87FF1B11538D26A00D47A93 /* QuizViewController.m */,
				D87FF1B31538D26A00D47A93 /* QuizViewController.xib */,
				D87FF1A51538D26A00D47A93 /* Supporting Files */,
			);
			path = Quiz;
			sourceTree = "<group>";
		};
		D87FF1A51538D26A00D47A93 /* Supporting Files */ = {
			isa = PBXGroup;
			children = (
				D87FF1A61538D26A00D47A93 /* Quiz-Info.plist */,
				D87FF1A71538D26A00D47A93 /* InfoPlist.strings */,
				D87FF1AA1538D26A00D47A93 /* main.m */,
				D87FF1AC1538D26A00D47A93 /* Quiz-Prefix.pch */,
			);
			name = "Supporting Files";
			sourceTree = "<group>";
		};
/* End PBXGroup section */

/* Begin PBXNativeTarget section */
		D87FF1991538D26A00D47A93 /* Quiz */ = {
			isa = PBXNativeTarget;
			buildConfigurationList = D87FF1B81538D26A00D47A93 /* Build configuration list for PBXNativeTarget "Quiz" */;
			buildPhases = (
				D87FF1961538D26A00D47A93 /* Sources */,
				D87FF1971538D26A00D47A93 /* Frameworks */,
				D87FF1981538D26A00D47A93 /* Resources */,
			);
			buildRules = (
			);
			dependencies = (
			);
			name = Quiz;
			productName = Quiz;
			productReference = D87FF19A1538D26A00D47A93 /* Quiz.app */;
			productType = "com.apple.product-type.application";
		};
/* End PBXNativeTarget section */

/* Begin PBXProject section */
		D87FF1911538D26A00D47A93 /* Project object */ = {
			isa = PBXProject;
			attributes = {
				CLASSPREFIX = Quiz;
				LastUpgradeCheck = 0430;
			};
			buildConfigurationList = D87FF1941538D26A00D47A93 /* Build configuration list for PBXProject "Quiz" */;
			compatibilityVersion = "Xcode 3.2";
			developmentRegion = English;
			hasScannedForEncodings = 0;
			knownRegions = (
				en,
			);
			mainGroup = D87FF18F1538D26A00D47A93;
			productRefGroup = D87FF19B1538D26A00D47A93 /* Products */;
			projectDirPath = "";
			projectRoot = "";
			targets = (
				D87FF1991538D26A00D47A93 /* Quiz */,
			);
		};
/* End PBXProject section */

/* Begin PBXResourcesBuildPhase section */
		D87FF1981538D26A00D47A93 /* Resources */ = {
			isa = PBXResourcesBuildPhase;
			buildActionMask = 2147483647;
			files = (
				D87FF1A91538D26A00D47A93 /* InfoPlist.strings in Resources */,
				D87FF1B51538D26A00D47A93 /* QuizViewController.xib in Resources */,
			);
			runOnlyForDeploymentPostprocessing = 0;
		};
/* End PBXResourcesBuildPhase section */

/* Begin PBXSourcesBuildPhase section */
		D87FF1961538D26A00D47A93 /* Sources */ = {
			isa = PBXSourcesBuildPhase;
			buildActionMask = 2147483647;
			files = (
				D87FF1AB1538D26A00D47A93 /* main.m in Sources */,
				D87FF1AF1538D26A00D47A93 /* QuizAppDelegate.m in Sources */,
				D87FF1B21538D26A00D47A93 /* QuizViewController.m in Sources */,
			);
			runOnlyForDeploymentPostprocessing = 0;
		};
/* End PBXSourcesBuildPhase section */

/* Begin PBXVariantGroup section */
		D87FF1A71538D26A00D47A93 /* InfoPlist.strings */ = {
			isa = PBXVariantGroup;
			children = (
				D87FF1A81538D26A00D47A93 /* en */,
			);
			name = InfoPlist.strings;
			sourceTree = "<group>";
		};
		D87FF1B31538D26A00D47A93 /* QuizViewController.xib */ = {
			isa = PBXVariantGroup;
			children = (
				D87FF1B41538D26A00D47A93 /* en */,
			);
			name = QuizViewController.xib;
			sourceTree = "<group>";
		};
/* End PBXVariantGroup section */

/* Begin XCBuildConfiguration section */
		D87FF1B61538D26A00D47A93 /* Debug */ = {
			isa = XCBuildConfiguration;
			buildSettings = {
				ALWAYS_SEARCH_USER_PATHS = NO;
				ARCHS = "$(ARCHS_STANDARD_32_BIT)";
				CLANG_ENABLE_OBJC_ARC = YES;
				"CODE_SIGN_IDENTITY[sdk=iphoneos*]" = "iPhone Developer";
				COPY_PHASE_STRIP = NO;
				GCC_C_LANGUAGE_STANDARD = gnu99;
				GCC_DYNAMIC_NO_PIC = NO;
				GCC_OPTIMIZATION_LEVEL = 0;
				GCC_PREPROCESSOR_DEFINITIONS = (
					"DEBUG=1",
					"$(inherited)",
				);
				GCC_SYMBOLS_PRIVATE_EXTERN = NO;
				GCC_VERSION = com.apple.compilers.llvm.clang.1_0;
				GCC_WARN_ABOUT_RETURN_TYPE = YES;
				GCC_WARN_UNINITIALIZED_AUTOS = YES;
				GCC_WARN_UNUSED_VARIABLE = YES;
				IPHONEOS_DEPLOYMENT_TARGET = 5.1;
				SDKROOT = iphoneos;
			};
			name = Debug;
		};
		D87FF1B71538D26A00D47A93 /* Release */ = {
			isa = XCBuildConfiguration;
			buildSettings = {
				ALWAYS_SEARCH_USER_PATHS = NO;
				ARCHS = "$(ARCHS_STANDARD_32_BIT)";
				CLANG_ENABLE_OBJC_ARC = YES;
				"CODE_SIGN_IDENTITY[sdk=iphoneos*]" = "iPhone Developer";
				COPY_PHASE_STRIP = YES;
				GCC_C_LANGUAGE_STANDARD = gnu99;
				GCC_VERSION = com.apple.compilers.llvm.clang.1_0;
				GCC_WARN_ABOUT_RETURN_TYPE = YES;
				GCC_WARN_UNINITIALIZED_AUTOS = YES;
				GCC_WARN_UNUSED_VARIABLE = YES;
				IPHONEOS_DEPLOYMENT_TARGET = 5.1;
				OTHER_CFLAGS = "-DNS_BLOCK_ASSERTIONS=1";
				SDKROOT = iphoneos;
				VALIDATE_PRODUCT = YES;
			};
			name = Release;
		};
		D87FF1B91538D26A00D47A93 /* Debug */ = {
			isa = XCBuildConfiguration;
			buildSettings = {
				GCC_PRECOMPILE_PREFIX_HEADER = YES;
				GCC_PREFIX_HEADER = "Quiz/Quiz-Prefix.pch";
				INFOPLIST_FILE = "Quiz/Quiz-Info.plist";
				PRODUCT_NAME = "$(TARGET_NAME)";
				WRAPPER_EXTENSION = app;
			};
			name = Debug;
		};
		D87FF1BA1538D26A00D47A93 /* Release */ = {
			isa = XCBuildConfiguration;
			buildSettings = {
				GCC_PRECOMPILE_PREFIX_HEADER = YES;
				GCC_PREFIX_HEADER = "Quiz/Quiz-Prefix.pch";
				INFOPLIST_FILE = "Quiz/Quiz-Info.plist";
				PRODUCT_NAME = "$(TARGET_NAME)";
				WRAPPER_EXTENSION = app;
			};
			name = Release;
		};
/* End XCBuildConfiguration section */

/* Begin XCConfigurationList section */
		D87FF1941538D26A00D47A93 /* Build configuration list for PBXProject "Quiz" */ = {
			isa = XCConfigurationList;
			buildConfigurations = (
				D87FF1B61538D26A00D47A93 /* Debug */,
				D87FF1B71538D26A00D47A93 /* Release */,
			);
			defaultConfigurationIsVisible = 0;
			defaultConfigurationName = Release;
		};
		D87FF1B81538D26A00D47A93 /* Build configuration list for PBXNativeTarget "Quiz" */ = {
			isa = XCConfigurationList;
			buildConfigurations = (
				D87FF1B91538D26A00D47A93 /* Debug */,
				D87FF1BA1538D26A00D47A93 /* Release */,
			);
			defaultConfigurationIsVisible = 0;
		};
/* End XCConfigurationList section */
	};
	rootObject = D87FF1911538D26A00D47A93 /* Project object */;
}
